
Microsoft Visual Studio Solution File, Format Version 12.00
# Visual Studio Version 16
VisualStudioVersion = 16.0.29324.140
MinimumVisualStudioVersion = 10.0.40219.1
Project("{FAE04EC0-301F-11D3-BF4B-00C04F79EFBC}") = "ProyectoBases", "ProyectoBases\ProyectoBases.csproj", "{19FD7196-3E49-4BDC-8D91-77DE4E54A897}"
EndProject
Project("{9A19103F-16F7-4668-BE54-9A1E7A4F7556}") = "DataBaseClass", "DataBaseClass\DataBaseClass.csproj", "{1FEAF2CB-6723-49F2-99C1-DB466EF97816}"
EndProject
Global
	GlobalSection(SolutionConfigurationPlatforms) = preSolution
		Debug|Any CPU = Debug|Any CPU
		Release|Any CPU = Release|Any CPU
	EndGlobalSection
	GlobalSection(ProjectConfigurationPlatforms) = postSolution
		{19FD7196-3E49-4BDC-8D91-77DE4E54A897}.Debug|Any CPU.ActiveCfg = Debug|Any CPU
		{19FD7196-3E49-4BDC-8D91-77DE4E54A897}.Debug|Any CPU.Build.0 = Debug|Any CPU
		{19FD7196-3E49-4BDC-8D91-77DE4E54A897}.Release|Any CPU.ActiveCfg = Release|Any CPU
		{19FD7196-3E49-4BDC-8D91-77DE4E54A897}.Release|Any CPU.Build.0 = Release|Any CPU
		{1FEAF2CB-6723-49F2-99C1-DB466EF97816}.Debug|Any CPU.ActiveCfg = Debug|Any CPU
		{1FEAF2CB-6723-49F2-99C1-DB466EF97816}.Debug|Any CPU.Build.0 = Debug|Any CPU
		{1FEAF2CB-6723-49F2-99C1-DB466EF97816}.Release|Any CPU.ActiveCfg = Release|Any CPU
		{1FEAF2CB-6723-49F2-99C1-DB466EF97816}.Release|Any CPU.Build.0 = Release|Any CPU
	EndGlobalSection
	GlobalSection(SolutionProperties) = preSolution
		HideSolutionNode = FALSE
	EndGlobalSection
	GlobalSection(ExtensibilityGlobals) = postSolution
		SolutionGuid = {D9DD59DD-EB1A-49F6-9CFD-2761301B774F}
	EndGlobalSection
EndGlobal
